
Microsoft Visual Studio Solution File, Format Version 12.00
# Visual Studio 15
Project("{FAE04EC0-301F-11D3-BF4B-00C04F79EFBC}") = "MerryYellow.CodeAssist.Editor", "MerryYellow.CodeAssist.Editor.csproj", "{D81780C7-1367-97A4-71FD-0753FD527274}"
EndProject
Project("{FAE04EC0-301F-11D3-BF4B-00C04F79EFBC}") = "Assembly-CSharp", "Assembly-CSharp.csproj", "{413BB74F-08CC-A3DF-AE01-E1F053200ADC}"
EndProject
Global
	GlobalSection(SolutionConfigurationPlatforms) = preSolution
		Debug|Any CPU = Debug|Any CPU
		Release|Any CPU = Release|Any CPU
	EndGlobalSection
	GlobalSection(ProjectConfigurationPlatforms) = postSolution
		{D81780C7-1367-97A4-71FD-0753FD527274}.Debug|Any CPU.ActiveCfg = Debug|Any CPU
		{D81780C7-1367-97A4-71FD-0753FD527274}.Debug|Any CPU.Build.0 = Debug|Any CPU
		{D81780C7-1367-97A4-71FD-0753FD527274}.Release|Any CPU.ActiveCfg = Release|Any CPU
		{D81780C7-1367-97A4-71FD-0753FD527274}.Release|Any CPU.Build.0 = Release|Any CPU
		{413BB74F-08CC-A3DF-AE01-E1F053200ADC}.Debug|Any CPU.ActiveCfg = Debug|Any CPU
		{413BB74F-08CC-A3DF-AE01-E1F053200ADC}.Debug|Any CPU.Build.0 = Debug|Any CPU
		{413BB74F-08CC-A3DF-AE01-E1F053200ADC}.Release|Any CPU.ActiveCfg = Release|Any CPU
		{413BB74F-08CC-A3DF-AE01-E1F053200ADC}.Release|Any CPU.Build.0 = Release|Any CPU
	EndGlobalSection
	GlobalSection(SolutionProperties) = preSolution
		HideSolutionNode = FALSE
	EndGlobalSection
EndGlobal
